
Microsoft Visual Studio Solution File, Format Version 12.00
# Visual Studio Version 17
VisualStudioVersion = 17.14.36121.58 d17.14
MinimumVisualStudioVersion = 10.0.40219.1
Project("{FAE04EC0-301F-11D3-BF4B-00C04F79EFBC}") = "Calculator", "Calculator\Calculator.csproj", "{6ACB4597-09E3-412F-92A4-C2C2853E9942}"
EndProject
Global
	GlobalSection(SolutionConfigurationPlatforms) = preSolution
		Debug|Any CPU = Debug|Any CPU
		Release|Any CPU = Release|Any CPU
	EndGlobalSection
	GlobalSection(ProjectConfigurationPlatforms) = postSolution
		{6ACB4597-09E3-412F-92A4-C2C2853E9942}.Debug|Any CPU.ActiveCfg = Debug|Any CPU
		{6ACB4597-09E3-412F-92A4-C2C2853E9942}.Debug|Any CPU.Build.0 = Debug|Any CPU
		{6ACB4597-09E3-412F-92A4-C2C2853E9942}.Release|Any CPU.ActiveCfg = Release|Any CPU
		{6ACB4597-09E3-412F-92A4-C2C2853E9942}.Release|Any CPU.Build.0 = Release|Any CPU
	EndGlobalSection
	GlobalSection(SolutionProperties) = preSolution
		HideSolutionNode = FALSE
	EndGlobalSection
	GlobalSection(ExtensibilityGlobals) = postSolution
		SolutionGuid = {C819759C-B2F8-4304-8EC3-7CF674C21898}
	EndGlobalSection
EndGlobal
